
Microsoft Visual Studio Solution File, Format Version 12.00
# Visual Studio Version 16
VisualStudioVersion = 16.0.31129.286
MinimumVisualStudioVersion = 10.0.40219.1
Project("{FAE04EC0-301F-11D3-BF4B-00C04F79EFBC}") = "Dhanya Super Market", "Dhanya Super Market\Dhanya Super Market.csproj", "{2E22749B-F963-4C03-A473-DFC8A8B27D15}"
EndProject
Global
	GlobalSection(SolutionConfigurationPlatforms) = preSolution
		Debug|Any CPU = Debug|Any CPU
		Release|Any CPU = Release|Any CPU
	EndGlobalSection
	GlobalSection(ProjectConfigurationPlatforms) = postSolution
		{2E22749B-F963-4C03-A473-DFC8A8B27D15}.Debug|Any CPU.ActiveCfg = Debug|Any CPU
		{2E22749B-F963-4C03-A473-DFC8A8B27D15}.Debug|Any CPU.Build.0 = Debug|Any CPU
		{2E22749B-F963-4C03-A473-DFC8A8B27D15}.Release|Any CPU.ActiveCfg = Release|Any CPU
		{2E22749B-F963-4C03-A473-DFC8A8B27D15}.Release|Any CPU.Build.0 = Release|Any CPU
	EndGlobalSection
	GlobalSection(SolutionProperties) = preSolution
		HideSolutionNode = FALSE
	EndGlobalSection
	GlobalSection(ExtensibilityGlobals) = postSolution
		SolutionGuid = {E9F061AA-76F3-457D-9028-B6C95EFCD95B}
	EndGlobalSection
EndGlobal
